
Microsoft Visual Studio Solution File, Format Version 12.00
# Visual Studio Version 17
VisualStudioVersion = 17.4.33205.214
MinimumVisualStudioVersion = 10.0.40219.1
Project("{FAE04EC0-301F-11D3-BF4B-00C04F79EFBC}") = "ConsultarCNPJ", "ConsultarCNPJ\ConsultarCNPJ.csproj", "{7ADCE37E-257B-4A75-80D8-A29F8147CA87}"
EndProject
Global
	GlobalSection(SolutionConfigurationPlatforms) = preSolution
		Debug|Any CPU = Debug|Any CPU
		Release|Any CPU = Release|Any CPU
	EndGlobalSection
	GlobalSection(ProjectConfigurationPlatforms) = postSolution
		{7ADCE37E-257B-4A75-80D8-A29F8147CA87}.Debug|Any CPU.ActiveCfg = Debug|Any CPU
		{7ADCE37E-257B-4A75-80D8-A29F8147CA87}.Debug|Any CPU.Build.0 = Debug|Any CPU
		{7ADCE37E-257B-4A75-80D8-A29F8147CA87}.Release|Any CPU.ActiveCfg = Release|Any CPU
		{7ADCE37E-257B-4A75-80D8-A29F8147CA87}.Release|Any CPU.Build.0 = Release|Any CPU
	EndGlobalSection
	GlobalSection(SolutionProperties) = preSolution
		HideSolutionNode = FALSE
	EndGlobalSection
	GlobalSection(ExtensibilityGlobals) = postSolution
		SolutionGuid = {A1F6DB33-0519-46A6-A5F6-3FC45C784028}
	EndGlobalSection
EndGlobal
